
Microsoft Visual Studio Solution File, Format Version 12.00
# Visual Studio Version 17
VisualStudioVersion = 17.5.33516.290
MinimumVisualStudioVersion = 10.0.40219.1
Project("{FAE04EC0-301F-11D3-BF4B-00C04F79EFBC}") = "Targe21House", "Targe21House\Targe21House.csproj", "{DA251089-DE40-4C6E-AC23-18463930CA1C}"
EndProject
Global
	GlobalSection(SolutionConfigurationPlatforms) = preSolution
		Debug|Any CPU = Debug|Any CPU
		Release|Any CPU = Release|Any CPU
	EndGlobalSection
	GlobalSection(ProjectConfigurationPlatforms) = postSolution
		{DA251089-DE40-4C6E-AC23-18463930CA1C}.Debug|Any CPU.ActiveCfg = Debug|Any CPU
		{DA251089-DE40-4C6E-AC23-18463930CA1C}.Debug|Any CPU.Build.0 = Debug|Any CPU
		{DA251089-DE40-4C6E-AC23-18463930CA1C}.Release|Any CPU.ActiveCfg = Release|Any CPU
		{DA251089-DE40-4C6E-AC23-18463930CA1C}.Release|Any CPU.Build.0 = Release|Any CPU
	EndGlobalSection
	GlobalSection(SolutionProperties) = preSolution
		HideSolutionNode = FALSE
	EndGlobalSection
	GlobalSection(ExtensibilityGlobals) = postSolution
		SolutionGuid = {2DBBBAD3-B765-455E-BB18-1E1EB9F28860}
	EndGlobalSection
EndGlobal
